{
  "name": "node-red-contrib-re-modbus-tcp-ip",
  "version": "0.0.1",
  "lockfileVersion": 1,
  "requires": true,
  "dependencies": {
    "modbus-pdu": {
      "version": "1.13.1",
      "resolved": "https://registry.npmjs.org/modbus-pdu/-/modbus-pdu-1.13.1.tgz",
      "integrity": "sha512-zBFIDVGtDn2cpfJ2gwXjI4SVICN8MMwxDt+oeidtfr6AgVkvlO/T1/KyYGkgayiGK47jru+i0U3v6pnDjLOjoA=="
    }
  }
}
